
Microsoft Visual Studio Solution File, Format Version 12.00
# Visual Studio Version 17
VisualStudioVersion = 17.9.34622.214
MinimumVisualStudioVersion = 10.0.40219.1
Project("{8BC9CEB8-8B4A-11D0-8D11-00A0C91BC942}") = "carInventorymodule3", "carInventorymodule3\carInventorymodule3.vcxproj", "{EAA767D1-9845-43E0-A9BF-49E3326309BD}"
EndProject
Global
	GlobalSection(SolutionConfigurationPlatforms) = preSolution
		Debug|x64 = Debug|x64
		Debug|x86 = Debug|x86
		Release|x64 = Release|x64
		Release|x86 = Release|x86
	EndGlobalSection
	GlobalSection(ProjectConfigurationPlatforms) = postSolution
		{EAA767D1-9845-43E0-A9BF-49E3326309BD}.Debug|x64.ActiveCfg = Debug|x64
		{EAA767D1-9845-43E0-A9BF-49E3326309BD}.Debug|x64.Build.0 = Debug|x64
		{EAA767D1-9845-43E0-A9BF-49E3326309BD}.Debug|x86.ActiveCfg = Debug|Win32
		{EAA767D1-9845-43E0-A9BF-49E3326309BD}.Debug|x86.Build.0 = Debug|Win32
		{EAA767D1-9845-43E0-A9BF-49E3326309BD}.Release|x64.ActiveCfg = Release|x64
		{EAA767D1-9845-43E0-A9BF-49E3326309BD}.Release|x64.Build.0 = Release|x64
		{EAA767D1-9845-43E0-A9BF-49E3326309BD}.Release|x86.ActiveCfg = Release|Win32
		{EAA767D1-9845-43E0-A9BF-49E3326309BD}.Release|x86.Build.0 = Release|Win32
	EndGlobalSection
	GlobalSection(SolutionProperties) = preSolution
		HideSolutionNode = FALSE
	EndGlobalSection
	GlobalSection(ExtensibilityGlobals) = postSolution
		SolutionGuid = {B2FD524F-71DD-4237-81B3-CE7A31D41277}
	EndGlobalSection
EndGlobal
